Microsoft Visual Studio Solution File, Format Version 12.00
# Visual Studio Version 17
VisualStudioVersion = 17.10.35027.167
MinimumVisualStudioVersion = 10.0.40219.1
Project("{2150E333-8FDC-42A3-9474-1A3956D46DE8}") = "MS.API", "MS.API", "{AEBA184B-A25F-4AD6-A908-843AD8E33E18}"
EndProject
Project("{2150E333-8FDC-42A3-9474-1A3956D46DE8}") = "MS.Application", "MS.Application", "{B042B618-7A0A-4B13-A517-43B0EDC5AF9A}"
EndProject
Project("{2150E333-8FDC-42A3-9474-1A3956D46DE8}") = "MS.Domain", "MS.Domain", "{3E0C2EC4-CAB9-4001-9862-74358F916B9A}"
EndProject
Project("{2150E333-8FDC-42A3-9474-1A3956D46DE8}") = "MS.Infrastructure", "MS.Infrastructure", "{673F090A-FBD0-4C07-AC35-73B92469B7EE}"
EndProject
Project("{9A19103F-16F7-4668-BE54-9A1E7A4F7556}") = "MS.Application", "src\MS.Application\MS.Application.csproj", "{AE59E427-450F-4564-90A7-18CB6116B3AC}"
EndProject
Project("{9A19103F-16F7-4668-BE54-9A1E7A4F7556}") = "MS.Domain", "src\MS.Domain\MS.Domain.csproj", "{F012EEFE-D026-4607-8B51-7705C13C4D5C}"
EndProject
Project("{9A19103F-16F7-4668-BE54-9A1E7A4F7556}") = "MS.Infrastructure", "src\MS.Infrastructure\MS.Infrastructure.csproj", "{433A1775-2115-4821-9934-18D08E526E64}"
EndProject
Project("{2150E333-8FDC-42A3-9474-1A3956D46DE8}") = "src", "src", "{CC4D2ED2-6470-430A-BFDC-64B5672439ED}"
EndProject
Project("{2150E333-8FDC-42A3-9474-1A3956D46DE8}") = "MS.Dto", "MS.Dto", "{E90C0DBF-050C-4934-9FC0-30D50C907379}"
EndProject
Project("{9A19103F-16F7-4668-BE54-9A1E7A4F7556}") = "MS.Dto", "src\MS.Dto\MS.Dto.csproj", "{3E395124-4454-41EE-AD0E-9807DA35D1EB}"
EndProject
Project("{FAE04EC0-301F-11D3-BF4B-00C04F79EFBC}") = "MS.API", "MS.API\MS.API.csproj", "{8E65018C-AFA6-4987-A5C0-2E2AC8C4B524}"
EndProject
Global
	GlobalSection(SolutionConfigurationPlatforms) = preSolution
		Debug|Any CPU = Debug|Any CPU
		Release|Any CPU = Release|Any CPU
	EndGlobalSection
	GlobalSection(ProjectConfigurationPlatforms) = postSolution
		{AE59E427-450F-4564-90A7-18CB6116B3AC}.Debug|Any CPU.ActiveCfg = Debug|Any CPU
		{AE59E427-450F-4564-90A7-18CB6116B3AC}.Debug|Any CPU.Build.0 = Debug|Any CPU
		{AE59E427-450F-4564-90A7-18CB6116B3AC}.Release|Any CPU.ActiveCfg = Release|Any CPU
		{AE59E427-450F-4564-90A7-18CB6116B3AC}.Release|Any CPU.Build.0 = Release|Any CPU
		{F012EEFE-D026-4607-8B51-7705C13C4D5C}.Debug|Any CPU.ActiveCfg = Debug|Any CPU
		{F012EEFE-D026-4607-8B51-7705C13C4D5C}.Debug|Any CPU.Build.0 = Debug|Any CPU
		{F012EEFE-D026-4607-8B51-7705C13C4D5C}.Release|Any CPU.ActiveCfg = Release|Any CPU
		{F012EEFE-D026-4607-8B51-7705C13C4D5C}.Release|Any CPU.Build.0 = Release|Any CPU
		{433A1775-2115-4821-9934-18D08E526E64}.Debug|Any CPU.ActiveCfg = Debug|Any CPU
		{433A1775-2115-4821-9934-18D08E526E64}.Debug|Any CPU.Build.0 = Debug|Any CPU
		{433A1775-2115-4821-9934-18D08E526E64}.Release|Any CPU.ActiveCfg = Release|Any CPU
		{433A1775-2115-4821-9934-18D08E526E64}.Release|Any CPU.Build.0 = Release|Any CPU
		{3E395124-4454-41EE-AD0E-9807DA35D1EB}.Debug|Any CPU.ActiveCfg = Debug|Any CPU
		{3E395124-4454-41EE-AD0E-9807DA35D1EB}.Debug|Any CPU.Build.0 = Debug|Any CPU
		{3E395124-4454-41EE-AD0E-9807DA35D1EB}.Release|Any CPU.ActiveCfg = Release|Any CPU
		{3E395124-4454-41EE-AD0E-9807DA35D1EB}.Release|Any CPU.Build.0 = Release|Any CPU
		{8E65018C-AFA6-4987-A5C0-2E2AC8C4B524}.Debug|Any CPU.ActiveCfg = Debug|Any CPU
		{8E65018C-AFA6-4987-A5C0-2E2AC8C4B524}.Debug|Any CPU.Build.0 = Debug|Any CPU
		{8E65018C-AFA6-4987-A5C0-2E2AC8C4B524}.Release|Any CPU.ActiveCfg = Release|Any CPU
		{8E65018C-AFA6-4987-A5C0-2E2AC8C4B524}.Release|Any CPU.Build.0 = Release|Any CPU
	EndGlobalSection
	GlobalSection(SolutionProperties) = preSolution
		HideSolutionNode = FALSE
	EndGlobalSection
	GlobalSection(NestedProjects) = preSolution
		{AEBA184B-A25F-4AD6-A908-843AD8E33E18} = {CC4D2ED2-6470-430A-BFDC-64B5672439ED}
		{B042B618-7A0A-4B13-A517-43B0EDC5AF9A} = {CC4D2ED2-6470-430A-BFDC-64B5672439ED}
		{3E0C2EC4-CAB9-4001-9862-74358F916B9A} = {CC4D2ED2-6470-430A-BFDC-64B5672439ED}
		{673F090A-FBD0-4C07-AC35-73B92469B7EE} = {CC4D2ED2-6470-430A-BFDC-64B5672439ED}
		{AE59E427-450F-4564-90A7-18CB6116B3AC} = {B042B618-7A0A-4B13-A517-43B0EDC5AF9A}
		{F012EEFE-D026-4607-8B51-7705C13C4D5C} = {3E0C2EC4-CAB9-4001-9862-74358F916B9A}
		{433A1775-2115-4821-9934-18D08E526E64} = {673F090A-FBD0-4C07-AC35-73B92469B7EE}
		{E90C0DBF-050C-4934-9FC0-30D50C907379} = {CC4D2ED2-6470-430A-BFDC-64B5672439ED}
		{3E395124-4454-41EE-AD0E-9807DA35D1EB} = {E90C0DBF-050C-4934-9FC0-30D50C907379}
		{8E65018C-AFA6-4987-A5C0-2E2AC8C4B524} = {AEBA184B-A25F-4AD6-A908-843AD8E33E18}
	EndGlobalSection
	GlobalSection(ExtensibilityGlobals) = postSolution
		SolutionGuid = {FEAAE358-3C89-41CC-9F0C-52ABBF48CF59}
	EndGlobalSection
EndGlobal
